// !$*UTF8*$!
{
	archiveVersion = 1;
	classes = {
	};
	objectVersion = 50;
	objects = {

/* Begin PBXBuildFile section */
		C6CD307822AA5BB4003391B3 /* AppDelegate.swift in Sources */ = {isa = PBXBuildFile; fileRef = C6CD307722AA5BB4003391B3 /* AppDelegate.swift */; };
		C6CD307A22AA5BB4003391B3 /* SceneDelegate.swift in Sources */ = {isa = PBXBuildFile; fileRef = C6CD307922AA5BB4003391B3 /* SceneDelegate.swift */; };
		C6CD307C22AA5BB4003391B3 /* ContentView.swift in Sources */ = {isa = PBXBuildFile; fileRef = C6CD307B22AA5BB4003391B3 /* ContentView.swift */; };
		C6CD307E22AA5BB5003391B3 /* Assets.xcassets in Resources */ = {isa = PBXBuildFile; fileRef = C6CD307D22AA5BB5003391B3 /* Assets.xcassets */; };
		C6CD308122AA5BB5003391B3 /* Preview Assets.xcassets in Resources */ = {isa = PBXBuildFile; fileRef = C6CD308022AA5BB5003391B3 /* Preview Assets.xcassets */; };
		C6CD308422AA5BB5003391B3 /* LaunchScreen.storyboard in Resources */ = {isa = PBXBuildFile; fileRef = C6CD308222AA5BB5003391B3 /* LaunchScreen.storyboard */; };
		C6E2CEAD22C1BE08007EE649 /* SplitView.swift in Sources */ = {isa = PBXBuildFile; fileRef = C6E2CEAC22C1BE08007EE649 /* SplitView.swift */; };
		C6E2CEAF22C1BF7E007EE649 /* SplitViewController.swift in Sources */ = {isa = PBXBuildFile; fileRef = C6E2CEAE22C1BF7E007EE649 /* SplitViewController.swift */; };
		C6E2CEB122C1C15A007EE649 /* ListView.swift in Sources */ = {isa = PBXBuildFile; fileRef = C6E2CEB022C1C15A007EE649 /* ListView.swift */; };
		C6E2CEB422C1C2D3007EE649 /* Place.swift in Sources */ = {isa = PBXBuildFile; fileRef = C6E2CEB322C1C2D3007EE649 /* Place.swift */; };
		C6E2CEB622C1C565007EE649 /* DetailView.swift in Sources */ = {isa = PBXBuildFile; fileRef = C6E2CEB522C1C565007EE649 /* DetailView.swift */; };
/* End PBXBuildFile section */

/* Begin PBXFileReference section */
		C6CD307422AA5BB4003391B3 /* swiftui-tutorials.app */ = {isa = PBXFileReference; explicitFileType = wrapper.application; includeInIndex = 0; path = "swiftui-tutorials.app"; sourceTree = BUILT_PRODUCTS_DIR; };
		C6CD307722AA5BB4003391B3 /* AppDelegate.swift */ = {isa = PBXFileReference; lastKnownFileType = sourcecode.swift; path = AppDelegate.swift; sourceTree = "<group>"; };
		C6CD307922AA5BB4003391B3 /* SceneDelegate.swift */ = {isa = PBXFileReference; lastKnownFileType = sourcecode.swift; path = SceneDelegate.swift; sourceTree = "<group>"; };
		C6CD307B22AA5BB4003391B3 /* ContentView.swift */ = {isa = PBXFileReference; lastKnownFileType = sourcecode.swift; path = ContentView.swift; sourceTree = "<group>"; };
		C6CD307D22AA5BB5003391B3 /* Assets.xcassets */ = {isa = PBXFileReference; lastKnownFileType = folder.assetcatalog; path = Assets.xcassets; sourceTree = "<group>"; };
		C6CD308022AA5BB5003391B3 /* Preview Assets.xcassets */ = {isa = PBXFileReference; lastKnownFileType = folder.assetcatalog; path = "Preview Assets.xcassets"; sourceTree = "<group>"; };
		C6CD308322AA5BB5003391B3 /* Base */ = {isa = PBXFileReference; lastKnownFileType = file.storyboard; name = Base; path = Base.lproj/LaunchScreen.storyboard; sourceTree = "<group>"; };
		C6CD308522AA5BB5003391B3 /* Info.plist */ = {isa = PBXFileReference; lastKnownFileType = text.plist.xml; path = Info.plist; sourceTree = "<group>"; };
		C6E2CEAC22C1BE08007EE649 /* SplitView.swift */ = {isa = PBXFileReference; lastKnownFileType = sourcecode.swift; path = SplitView.swift; sourceTree = "<group>"; };
		C6E2CEAE22C1BF7E007EE649 /* SplitViewController.swift */ = {isa = PBXFileReference; lastKnownFileType = sourcecode.swift; path = SplitViewController.swift; sourceTree = "<group>"; };
		C6E2CEB022C1C15A007EE649 /* ListView.swift */ = {isa = PBXFileReference; lastKnownFileType = sourcecode.swift; path = ListView.swift; sourceTree = "<group>"; };
		C6E2CEB322C1C2D3007EE649 /* Place.swift */ = {isa = PBXFileReference; lastKnownFileType = sourcecode.swift; path = Place.swift; sourceTree = "<group>"; };
		C6E2CEB522C1C565007EE649 /* DetailView.swift */ = {isa = PBXFileReference; lastKnownFileType = sourcecode.swift; path = DetailView.swift; sourceTree = "<group>"; };
/* End PBXFileReference section */

/* Begin PBXFrameworksBuildPhase section */
		C6CD307122AA5BB4003391B3 /* Frameworks */ = {
			isa = PBXFrameworksBuildPhase;
			buildActionMask = 2147483647;
			files = (
			);
			runOnlyForDeploymentPostprocessing = 0;
		};
/* End PBXFrameworksBuildPhase section */

/* Begin PBXGroup section */
		C6CD306B22AA5BB4003391B3 = {
			isa = PBXGroup;
			children = (
				C6CD307622AA5BB4003391B3 /* swiftui-tutorials */,
				C6CD307522AA5BB4003391B3 /* Products */,
			);
			sourceTree = "<group>";
		};
		C6CD307522AA5BB4003391B3 /* Products */ = {
			isa = PBXGroup;
			children = (
				C6CD307422AA5BB4003391B3 /* swiftui-tutorials.app */,
			);
			name = Products;
			sourceTree = "<group>";
		};
		C6CD307622AA5BB4003391B3 /* swiftui-tutorials */ = {
			isa = PBXGroup;
			children = (
				C6E2CEB222C1C2B7007EE649 /* Model */,
				C6E2CEAB22C1BDF1007EE649 /* View */,
				C6CD307722AA5BB4003391B3 /* AppDelegate.swift */,
				C6CD307922AA5BB4003391B3 /* SceneDelegate.swift */,
				C6CD307B22AA5BB4003391B3 /* ContentView.swift */,
				C6CD307D22AA5BB5003391B3 /* Assets.xcassets */,
				C6CD308222AA5BB5003391B3 /* LaunchScreen.storyboard */,
				C6CD308522AA5BB5003391B3 /* Info.plist */,
				C6CD307F22AA5BB5003391B3 /* Preview Content */,
			);
			path = "swiftui-tutorials";
			sourceTree = "<group>";
		};
		C6CD307F22AA5BB5003391B3 /* Preview Content */ = {
			isa = PBXGroup;
			children = (
				C6CD308022AA5BB5003391B3 /* Preview Assets.xcassets */,
			);
			path = "Preview Content";
			sourceTree = "<group>";
		};
		C6E2CEAB22C1BDF1007EE649 /* View */ = {
			isa = PBXGroup;
			children = (
				C6E2CEAC22C1BE08007EE649 /* SplitView.swift */,
				C6E2CEAE22C1BF7E007EE649 /* SplitViewController.swift */,
				C6E2CEB022C1C15A007EE649 /* ListView.swift */,
				C6E2CEB522C1C565007EE649 /* DetailView.swift */,
			);
			path = View;
			sourceTree = "<group>";
		};
		C6E2CEB222C1C2B7007EE649 /* Model */ = {
			isa = PBXGroup;
			children = (
				C6E2CEB322C1C2D3007EE649 /* Place.swift */,
			);
			path = Model;
			sourceTree = "<group>";
		};
/* End PBXGroup section */

/* Begin PBXNativeTarget section */
		C6CD307322AA5BB4003391B3 /* swiftui-tutorials */ = {
			isa = PBXNativeTarget;
			buildConfigurationList = C6CD308822AA5BB5003391B3 /* Build configuration list for PBXNativeTarget "swiftui-tutorials" */;
			buildPhases = (
				C6CD307022AA5BB4003391B3 /* Sources */,
				C6CD307122AA5BB4003391B3 /* Frameworks */,
				C6CD307222AA5BB4003391B3 /* Resources */,
			);
			buildRules = (
			);
			dependencies = (
			);
			name = "swiftui-tutorials";
			productName = "swiftui-tutorials";
			productReference = C6CD307422AA5BB4003391B3 /* swiftui-tutorials.app */;
			productType = "com.apple.product-type.application";
		};
/* End PBXNativeTarget section */

/* Begin PBXProject section */
		C6CD306C22AA5BB4003391B3 /* Project object */ = {
			isa = PBXProject;
			attributes = {
				LastSwiftUpdateCheck = 1100;
				LastUpgradeCheck = 1100;
				ORGANIZATIONNAME = seongju;
				TargetAttributes = {
					C6CD307322AA5BB4003391B3 = {
						CreatedOnToolsVersion = 11.0;
					};
				};
			};
			buildConfigurationList = C6CD306F22AA5BB4003391B3 /* Build configuration list for PBXProject "swiftui-tutorials" */;
			compatibilityVersion = "Xcode 9.3";
			developmentRegion = en;
			hasScannedForEncodings = 0;
			knownRegions = (
				en,
				Base,
			);
			mainGroup = C6CD306B22AA5BB4003391B3;
			productRefGroup = C6CD307522AA5BB4003391B3 /* Products */;
			projectDirPath = "";
			projectRoot = "";
			targets = (
				C6CD307322AA5BB4003391B3 /* swiftui-tutorials */,
			);
		};
/* End PBXProject section */

/* Begin PBXResourcesBuildPhase section */
		C6CD307222AA5BB4003391B3 /* Resources */ = {
			isa = PBXResourcesBuildPhase;
			buildActionMask = 2147483647;
			files = (
				C6CD308422AA5BB5003391B3 /* LaunchScreen.storyboard in Resources */,
				C6CD308122AA5BB5003391B3 /* Preview Assets.xcassets in Resources */,
				C6CD307E22AA5BB5003391B3 /* Assets.xcassets in Resources */,
			);
			runOnlyForDeploymentPostprocessing = 0;
		};
/* End PBXResourcesBuildPhase section */

/* Begin PBXSourcesBuildPhase section */
		C6CD307022AA5BB4003391B3 /* Sources */ = {
			isa = PBXSourcesBuildPhase;
			buildActionMask = 2147483647;
			files = (
				C6E2CEAF22C1BF7E007EE649 /* SplitViewController.swift in Sources */,
				C6E2CEB622C1C565007EE649 /* DetailView.swift in Sources */,
				C6CD307822AA5BB4003391B3 /* AppDelegate.swift in Sources */,
				C6E2CEB122C1C15A007EE649 /* ListView.swift in Sources */,
				C6E2CEAD22C1BE08007EE649 /* SplitView.swift in Sources */,
				C6CD307A22AA5BB4003391B3 /* SceneDelegate.swift in Sources */,
				C6E2CEB422C1C2D3007EE649 /* Place.swift in Sources */,
				C6CD307C22AA5BB4003391B3 /* ContentView.swift in Sources */,
			);
			runOnlyForDeploymentPostprocessing = 0;
		};
/* End PBXSourcesBuildPhase section */

/* Begin PBXVariantGroup section */
		C6CD308222AA5BB5003391B3 /* LaunchScreen.storyboard */ = {
			isa = PBXVariantGroup;
			children = (
				C6CD308322AA5BB5003391B3 /* Base */,
			);
			name = LaunchScreen.storyboard;
			sourceTree = "<group>";
		};
/* End PBXVariantGroup section */

/* Begin XCBuildConfiguration section */
		C6CD308622AA5BB5003391B3 /* Debug */ = {
			isa = XCBuildConfiguration;
			buildSettings = {
				ALWAYS_SEARCH_USER_PATHS = NO;
				CLANG_ANALYZER_NONNULL = YES;
				CLANG_ANALYZER_NUMBER_OBJECT_CONVERSION = YES_AGGRESSIVE;
				CLANG_CXX_LANGUAGE_STANDARD = "gnu++14";
				CLANG_CXX_LIBRARY = "libc++";
				CLANG_ENABLE_MODULES = YES;
				CLANG_ENABLE_OBJC_ARC = YES;
				CLANG_ENABLE_OBJC_WEAK = YES;
				CLANG_WARN_BLOCK_CAPTURE_AUTORELEASING = YES;
				CLANG_WARN_BOOL_CONVERSION = YES;
				CLANG_WARN_COMMA = YES;
				CLANG_WARN_CONSTANT_CONVERSION = YES;
				CLANG_WARN_DEPRECATED_OBJC_IMPLEMENTATIONS = YES;
				CLANG_WARN_DIRECT_OBJC_ISA_USAGE = YES_ERROR;
				CLANG_WARN_DOCUMENTATION_COMMENTS = YES;
				CLANG_WARN_EMPTY_BODY = YES;
				CLANG_WARN_ENUM_CONVERSION = YES;
				CLANG_WARN_INFINITE_RECURSION = YES;
				CLANG_WARN_INT_CONVERSION = YES;
				CLANG_WARN_NON_LITERAL_NULL_CONVERSION = YES;
				CLANG_WARN_OBJC_IMPLICIT_RETAIN_SELF = YES;
				CLANG_WARN_OBJC_LITERAL_CONVERSION = YES;
				CLANG_WARN_OBJC_ROOT_CLASS = YES_ERROR;
				CLANG_WARN_RANGE_LOOP_ANALYSIS = YES;
				CLANG_WARN_STRICT_PROTOTYPES = YES;
				CLANG_WARN_SUSPICIOUS_MOVE = YES;
				CLANG_WARN_UNGUARDED_AVAILABILITY = YES_AGGRESSIVE;
				CLANG_WARN_UNREACHABLE_CODE = YES;
				CLANG_WARN__DUPLICATE_METHOD_MATCH = YES;
				COPY_PHASE_STRIP = NO;
				DEBUG_INFORMATION_FORMAT = dwarf;
				ENABLE_STRICT_OBJC_MSGSEND = YES;
				ENABLE_TESTABILITY = YES;
				GCC_C_LANGUAGE_STANDARD = gnu11;
				GCC_DYNAMIC_NO_PIC = NO;
				GCC_NO_COMMON_BLOCKS = YES;
				GCC_OPTIMIZATION_LEVEL = 0;
				GCC_PREPROCESSOR_DEFINITIONS = (
					"DEBUG=1",
					"$(inherited)",
				);
				GCC_WARN_64_TO_32_BIT_CONVERSION = YES;
				GCC_WARN_ABOUT_RETURN_TYPE = YES_ERROR;
				GCC_WARN_UNDECLARED_SELECTOR = YES;
				GCC_WARN_UNINITIALIZED_AUTOS = YES_AGGRESSIVE;
				GCC_WARN_UNUSED_FUNCTION = YES;
				GCC_WARN_UNUSED_VARIABLE = YES;
				IPHONEOS_DEPLOYMENT_TARGET = 13.0;
				MTL_ENABLE_DEBUG_INFO = INCLUDE_SOURCE;
				MTL_FAST_MATH = YES;
				ONLY_ACTIVE_ARCH = YES;
				SDKROOT = iphoneos;
				SWIFT_ACTIVE_COMPILATION_CONDITIONS = DEBUG;
				SWIFT_OPTIMIZATION_LEVEL = "-Onone";
			};
			name = Debug;
		};
		C6CD308722AA5BB5003391B3 /* Release */ = {
			isa = XCBuildConfiguration;
			buildSettings = {
				ALWAYS_SEARCH_USER_PATHS = NO;
				CLANG_ANALYZER_NONNULL = YES;
				CLANG_ANALYZER_NUMBER_OBJECT_CONVERSION = YES_AGGRESSIVE;
				CLANG_CXX_LANGUAGE_STANDARD = "gnu++14";
				CLANG_CXX_LIBRARY = "libc++";
				CLANG_ENABLE_MODULES = YES;
				CLANG_ENABLE_OBJC_ARC = YES;
				CLANG_ENABLE_OBJC_WEAK = YES;
				CLANG_WARN_BLOCK_CAPTURE_AUTORELEASING = YES;
				CLANG_WARN_BOOL_CONVERSION = YES;
				CLANG_WARN_COMMA = YES;
				CLANG_WARN_CONSTANT_CONVERSION = YES;
				CLANG_WARN_DEPRECATED_OBJC_IMPLEMENTATIONS = YES;
				CLANG_WARN_DIRECT_OBJC_ISA_USAGE = YES_ERROR;
				CLANG_WARN_DOCUMENTATION_COMMENTS = YES;
				CLANG_WARN_EMPTY_BODY = YES;
				CLANG_WARN_ENUM_CONVERSION = YES;
				CLANG_WARN_INFINITE_RECURSION = YES;
				CLANG_WARN_INT_CONVERSION = YES;
				CLANG_WARN_NON_LITERAL_NULL_CONVERSION = YES;
				CLANG_WARN_OBJC_IMPLICIT_RETAIN_SELF = YES;
				CLANG_WARN_OBJC_LITERAL_CONVERSION = YES;
				CLANG_WARN_OBJC_ROOT_CLASS = YES_ERROR;
				CLANG_WARN_RANGE_LOOP_ANALYSIS = YES;
				CLANG_WARN_STRICT_PROTOTYPES = YES;
				CLANG_WARN_SUSPICIOUS_MOVE = YES;
				CLANG_WARN_UNGUARDED_AVAILABILITY = YES_AGGRESSIVE;
				CLANG_WARN_UNREACHABLE_CODE = YES;
				CLANG_WARN__DUPLICATE_METHOD_MATCH = YES;
				COPY_PHASE_STRIP = NO;
				DEBUG_INFORMATION_FORMAT = "dwarf-with-dsym";
				ENABLE_NS_ASSERTIONS = NO;
				ENABLE_STRICT_OBJC_MSGSEND = YES;
				GCC_C_LANGUAGE_STANDARD = gnu11;
				GCC_NO_COMMON_BLOCKS = YES;
				GCC_WARN_64_TO_32_BIT_CONVERSION = YES;
				GCC_WARN_ABOUT_RETURN_TYPE = YES_ERROR;
				GCC_WARN_UNDECLARED_SELECTOR = YES;
				GCC_WARN_UNINITIALIZED_AUTOS = YES_AGGRESSIVE;
				GCC_WARN_UNUSED_FUNCTION = YES;
				GCC_WARN_UNUSED_VARIABLE = YES;
				IPHONEOS_DEPLOYMENT_TARGET = 13.0;
				MTL_ENABLE_DEBUG_INFO = NO;
				MTL_FAST_MATH = YES;
				SDKROOT = iphoneos;
				SWIFT_COMPILATION_MODE = wholemodule;
				SWIFT_OPTIMIZATION_LEVEL = "-O";
				VALIDATE_PRODUCT = YES;
			};
			name = Release;
		};
		C6CD308922AA5BB5003391B3 /* Debug */ = {
			isa = XCBuildConfiguration;
			buildSettings = {
				ASSETCATALOG_COMPILER_APPICON_NAME = AppIcon;
				CODE_SIGN_STYLE = Automatic;
				DEVELOPMENT_ASSET_PATHS = "swiftui-tutorials/Preview\\ Content";
				DEVELOPMENT_TEAM = Q9JA26V6CH;
				ENABLE_PREVIEWS = YES;
				INFOPLIST_FILE = "swiftui-tutorials/Info.plist";
				LD_RUNPATH_SEARCH_PATHS = (
					"$(inherited)",
					"@executable_path/Frameworks",
				);
				PRODUCT_BUNDLE_IDENTIFIER = "com.seong.study.swiftui-tutorials";
				PRODUCT_NAME = "$(TARGET_NAME)";
				SWIFT_VERSION = 5.0;
				TARGETED_DEVICE_FAMILY = "1,2";
			};
			name = Debug;
		};
		C6CD308A22AA5BB5003391B3 /* Release */ = {
			isa = XCBuildConfiguration;
			buildSettings = {
				ASSETCATALOG_COMPILER_APPICON_NAME = AppIcon;
				CODE_SIGN_STYLE = Automatic;
				DEVELOPMENT_ASSET_PATHS = "swiftui-tutorials/Preview\\ Content";
				DEVELOPMENT_TEAM = Q9JA26V6CH;
				ENABLE_PREVIEWS = YES;
				INFOPLIST_FILE = "swiftui-tutorials/Info.plist";
				LD_RUNPATH_SEARCH_PATHS = (
					"$(inherited)",
					"@executable_path/Frameworks",
				);
				PRODUCT_BUNDLE_IDENTIFIER = "com.seong.study.swiftui-tutorials";
				PRODUCT_NAME = "$(TARGET_NAME)";
				SWIFT_VERSION = 5.0;
				TARGETED_DEVICE_FAMILY = "1,2";
			};
			name = Release;
		};
/* End XCBuildConfiguration section */

/* Begin XCConfigurationList section */
		C6CD306F22AA5BB4003391B3 /* Build configuration list for PBXProject "swiftui-tutorials" */ = {
			isa = XCConfigurationList;
			buildConfigurations = (
				C6CD308622AA5BB5003391B3 /* Debug */,
				C6CD308722AA5BB5003391B3 /* Release */,
			);
			defaultConfigurationIsVisible = 0;
			defaultConfigurationName = Release;
		};
		C6CD308822AA5BB5003391B3 /* Build configuration list for PBXNativeTarget "swiftui-tutorials" */ = {
			isa = XCConfigurationList;
			buildConfigurations = (
				C6CD308922AA5BB5003391B3 /* Debug */,
				C6CD308A22AA5BB5003391B3 /* Release */,
			);
			defaultConfigurationIsVisible = 0;
			defaultConfigurationName = Release;
		};
/* End XCConfigurationList section */
	};
	rootObject = C6CD306C22AA5BB4003391B3 /* Project object */;
}
